# THIS IS AN AUTOGENERATED FILE. DO NOT EDIT THIS FILE DIRECTLY.
# yarn lockfile v1


abs-svg-path@^0.1.1:
  version "0.1.1"
  resolved "https://registry.yarnpkg.com/abs-svg-path/-/abs-svg-path-0.1.1.tgz#df601c8e8d2ba10d4a76d625e236a9a39c2723bf"

is-svg-path@^1.0.1:
  version "1.0.2"
  resolved "https://registry.yarnpkg.com/is-svg-path/-/is-svg-path-1.0.2.tgz#77ab590c12b3d20348e5c7a13d0040c87784dda0"

normalize-svg-coords@^1.0.7:
  version "1.0.7"
  resolved "https://registry.yarnpkg.com/normalize-svg-coords/-/normalize-svg-coords-1.0.7.tgz#e76b056f580f5cef2020eaa104172cbd03060555"
  dependencies:
    parse-svg-path "^0.1.2"
    svg-path-bounds "^1.0.0"

normalize-svg-path@^1.0.0:
  version "1.0.1"
  resolved "https://registry.yarnpkg.com/normalize-svg-path/-/normalize-svg-path-1.0.1.tgz#6f729ad6b70bb4ca4eff2fe4b107489efe1d56fe"
  dependencies:
    svg-arc-to-cubic-bezier "^3.0.0"

parse-svg-path@^0.1.2:
  version "0.1.2"
  resolved "https://registry.yarnpkg.com/parse-svg-path/-/parse-svg-path-0.1.2.tgz#7a7ec0d1eb06fa5325c7d3e009b859a09b5d49eb"

svg-arc-to-cubic-bezier@^3.0.0:
  version "3.1.0"
  resolved "https://registry.yarnpkg.com/svg-arc-to-cubic-bezier/-/svg-arc-to-cubic-bezier-3.1.0.tgz#69869eea070a8a56a06a1f0dc906e2ec14babcec"

svg-path-bounds@^1.0.0:
  version "1.0.1"
  resolved "https://registry.yarnpkg.com/svg-path-bounds/-/svg-path-bounds-1.0.1.tgz#bf458b783726bf53431b4633f2792f60748d9f74"
  dependencies:
    abs-svg-path "^0.1.1"
    is-svg-path "^1.0.1"
    normalize-svg-path "^1.0.0"
    parse-svg-path "^0.1.2"

xmldom@^0.1.27:
  version "0.1.27"
  resolved "https://registry.yarnpkg.com/xmldom/-/xmldom-0.1.27.tgz#d501f97b3bdb403af8ef9ecc20573187aadac0e9"
